// !$*UTF8*$!
{
	archiveVersion = 1;
	classes = {
	};
	objectVersion = 46;
	objects = {

/* Begin PBXBuildFile section */
		D36851411DEE87A900F407C5 /* AppDelegate.swift in Sources */ = {isa = PBXBuildFile; fileRef = D36851401DEE87A900F407C5 /* AppDelegate.swift */; };
		D36851471DEE87A900F407C5 /* GameScene.swift in Sources */ = {isa = PBXBuildFile; fileRef = D36851461DEE87A900F407C5 /* GameScene.swift */; };
		D36851491DEE87A900F407C5 /* GameViewController.swift in Sources */ = {isa = PBXBuildFile; fileRef = D36851481DEE87A900F407C5 /* GameViewController.swift */; };
		D368514C1DEE87A900F407C5 /* Main.storyboard in Resources */ = {isa = PBXBuildFile; fileRef = D368514A1DEE87A900F407C5 /* Main.storyboard */; };
		D368514E1DEE87A900F407C5 /* Assets.xcassets in Resources */ = {isa = PBXBuildFile; fileRef = D368514D1DEE87A900F407C5 /* Assets.xcassets */; };
		D36851511DEE87A900F407C5 /* LaunchScreen.storyboard in Resources */ = {isa = PBXBuildFile; fileRef = D368514F1DEE87A900F407C5 /* LaunchScreen.storyboard */; };
		F323AC7A20BDD31F0057E85F /* SettingsScene.swift in Sources */ = {isa = PBXBuildFile; fileRef = F323AC7920BDD31F0057E85F /* SettingsScene.swift */; };
		F323AC8020BEC4C70057E85F /* highscore.mp3 in Resources */ = {isa = PBXBuildFile; fileRef = F323AC7F20BEC4C70057E85F /* highscore.mp3 */; };
		F323AC8220BEC4F30057E85F /* gameover.wav in Resources */ = {isa = PBXBuildFile; fileRef = F323AC8120BEC4F30057E85F /* gameover.wav */; };
		F323AC8420BEC4FB0057E85F /* fall.wav in Resources */ = {isa = PBXBuildFile; fileRef = F323AC8320BEC4FB0057E85F /* fall.wav */; };
		F323AC8620BEC5020057E85F /* point.mp3 in Resources */ = {isa = PBXBuildFile; fileRef = F323AC8520BEC5010057E85F /* point.mp3 */; };
		F323AC8A20BEC50E0057E85F /* point2.mp3 in Resources */ = {isa = PBXBuildFile; fileRef = F323AC8920BEC50E0057E85F /* point2.mp3 */; };
		F323AC8C20BED3C30057E85F /* point3.wav in Resources */ = {isa = PBXBuildFile; fileRef = F323AC8B20BED3C20057E85F /* point3.wav */; };
		F323AC8E20BED7D30057E85F /* gameover2.wav in Resources */ = {isa = PBXBuildFile; fileRef = F323AC8D20BED7D20057E85F /* gameover2.wav */; };
		F323AC9220BEDA1E0057E85F /* point4.wav in Resources */ = {isa = PBXBuildFile; fileRef = F323AC9120BEDA1E0057E85F /* point4.wav */; };
		F323AC9420BFE2A90057E85F /* click.wav in Resources */ = {isa = PBXBuildFile; fileRef = F323AC9320BFE2A80057E85F /* click.wav */; };
		F34C6CC220BD56CC0089644C /* SettingsScene.sks in Resources */ = {isa = PBXBuildFile; fileRef = F34C6CC120BD56CC0089644C /* SettingsScene.sks */; };
		F3C4136A20B55C31003BE00B /* Obstacles.swift in Sources */ = {isa = PBXBuildFile; fileRef = F3C4136920B55C31003BE00B /* Obstacles.swift */; };
		F3C4137520B5D7C7003BE00B /* MenuScene.swift in Sources */ = {isa = PBXBuildFile; fileRef = F3C4137420B5D7C7003BE00B /* MenuScene.swift */; };
		F3C4137720B5DE95003BE00B /* MenuScene.sks in Resources */ = {isa = PBXBuildFile; fileRef = F3C4137620B5DE95003BE00B /* MenuScene.sks */; };
		F3C4137920B6EAF0003BE00B /* CreditsScene.sks in Resources */ = {isa = PBXBuildFile; fileRef = F3C4137820B6EAF0003BE00B /* CreditsScene.sks */; };
		F3C4137B20B6EC05003BE00B /* CreditsScene.swift in Sources */ = {isa = PBXBuildFile; fileRef = F3C4137A20B6EC05003BE00B /* CreditsScene.swift */; };
		F3C4137F20B70FEB003BE00B /* highScoreScene.sks in Resources */ = {isa = PBXBuildFile; fileRef = F3C4137E20B70FEB003BE00B /* highScoreScene.sks */; };
		F3C4138120B716A3003BE00B /* highScoreScene.swift in Sources */ = {isa = PBXBuildFile; fileRef = F3C4138020B716A3003BE00B /* highScoreScene.swift */; };
		F3C4138320B71B96003BE00B /* LoserScene.swift in Sources */ = {isa = PBXBuildFile; fileRef = F3C4138220B71B96003BE00B /* LoserScene.swift */; };
		F3C4138720B71BF4003BE00B /* LoserScene.sks in Resources */ = {isa = PBXBuildFile; fileRef = F3C4138620B71BF4003BE00B /* LoserScene.sks */; };
		F3C4138B20B84D59003BE00B /* PartyAnimation.sks in Resources */ = {isa = PBXBuildFile; fileRef = F3C4138920B84D59003BE00B /* PartyAnimation.sks */; };
		F3C4138C20B84D59003BE00B /* Assets.xcassets in Resources */ = {isa = PBXBuildFile; fileRef = F3C4138A20B84D59003BE00B /* Assets.xcassets */; };
		F3C4138E20B8571A003BE00B /* magic.sks in Resources */ = {isa = PBXBuildFile; fileRef = F3C4138D20B8571A003BE00B /* magic.sks */; };
/* End PBXBuildFile section */

/* Begin PBXFileReference section */
		D368513D1DEE87A900F407C5 /* Shape Up.app */ = {isa = PBXFileReference; explicitFileType = wrapper.application; includeInIndex = 0; path = "Shape Up.app"; sourceTree = BUILT_PRODUCTS_DIR; };
		D36851401DEE87A900F407C5 /* AppDelegate.swift */ = {isa = PBXFileReference; lastKnownFileType = sourcecode.swift; path = AppDelegate.swift; sourceTree = "<group>"; };
		D36851461DEE87A900F407C5 /* GameScene.swift */ = {isa = PBXFileReference; lastKnownFileType = sourcecode.swift; path = GameScene.swift; sourceTree = "<group>"; };
		D36851481DEE87A900F407C5 /* GameViewController.swift */ = {isa = PBXFileReference; lastKnownFileType = sourcecode.swift; path = GameViewController.swift; sourceTree = "<group>"; };
		D368514B1DEE87A900F407C5 /* Base */ = {isa = PBXFileReference; lastKnownFileType = file.storyboard; name = Base; path = Base.lproj/Main.storyboard; sourceTree = "<group>"; };
		D368514D1DEE87A900F407C5 /* Assets.xcassets */ = {isa = PBXFileReference; lastKnownFileType = folder.assetcatalog; path = Assets.xcassets; sourceTree = "<group>"; };
		D36851501DEE87A900F407C5 /* Base */ = {isa = PBXFileReference; lastKnownFileType = file.storyboard; name = Base; path = Base.lproj/LaunchScreen.storyboard; sourceTree = "<group>"; };
		D36851521DEE87A900F407C5 /* Info.plist */ = {isa = PBXFileReference; lastKnownFileType = text.plist.xml; path = Info.plist; sourceTree = "<group>"; };
		F323AC7920BDD31F0057E85F /* SettingsScene.swift */ = {isa = PBXFileReference; lastKnownFileType = sourcecode.swift; path = SettingsScene.swift; sourceTree = "<group>"; };
		F323AC7E20BEC4870057E85F /* fail-accoustic-guitar.wav */ = {isa = PBXFileReference; lastKnownFileType = audio.wav; path = "fail-accoustic-guitar.wav"; sourceTree = "<group>"; };
		F323AC7F20BEC4C70057E85F /* highscore.mp3 */ = {isa = PBXFileReference; lastKnownFileType = audio.mp3; name = highscore.mp3; path = ../../../../../Downloads/highscore.mp3; sourceTree = "<group>"; };
		F323AC8120BEC4F30057E85F /* gameover.wav */ = {isa = PBXFileReference; lastKnownFileType = audio.wav; name = gameover.wav; path = ../../../../../Downloads/gameover.wav; sourceTree = "<group>"; };
		F323AC8320BEC4FB0057E85F /* fall.wav */ = {isa = PBXFileReference; lastKnownFileType = audio.wav; name = fall.wav; path = ../../../../../Downloads/fall.wav; sourceTree = "<group>"; };
		F323AC8520BEC5010057E85F /* point.mp3 */ = {isa = PBXFileReference; lastKnownFileType = audio.mp3; name = point.mp3; path = ../../../../../Downloads/point.mp3; sourceTree = "<group>"; };
		F323AC8920BEC50E0057E85F /* point2.mp3 */ = {isa = PBXFileReference; lastKnownFileType = audio.mp3; name = point2.mp3; path = ../../../../../Downloads/point2.mp3; sourceTree = "<group>"; };
		F323AC8B20BED3C20057E85F /* point3.wav */ = {isa = PBXFileReference; lastKnownFileType = audio.wav; name = point3.wav; path = ../../../../../Downloads/point3.wav; sourceTree = "<group>"; };
		F323AC8D20BED7D20057E85F /* gameover2.wav */ = {isa = PBXFileReference; lastKnownFileType = audio.wav; name = gameover2.wav; path = ../../../../../Downloads/gameover2.wav; sourceTree = "<group>"; };
		F323AC9120BEDA1E0057E85F /* point4.wav */ = {isa = PBXFileReference; lastKnownFileType = audio.wav; name = point4.wav; path = ../../../../../Downloads/point4.wav; sourceTree = "<group>"; };
		F323AC9320BFE2A80057E85F /* click.wav */ = {isa = PBXFileReference; lastKnownFileType = audio.wav; name = click.wav; path = ../../../../../Downloads/click.wav; sourceTree = "<group>"; };
		F34C6CC120BD56CC0089644C /* SettingsScene.sks */ = {isa = PBXFileReference; lastKnownFileType = file.sks; path = SettingsScene.sks; sourceTree = "<group>"; };
		F3C4136920B55C31003BE00B /* Obstacles.swift */ = {isa = PBXFileReference; lastKnownFileType = sourcecode.swift; path = Obstacles.swift; sourceTree = "<group>"; };
		F3C4137420B5D7C7003BE00B /* MenuScene.swift */ = {isa = PBXFileReference; lastKnownFileType = sourcecode.swift; path = MenuScene.swift; sourceTree = "<group>"; };
		F3C4137620B5DE95003BE00B /* MenuScene.sks */ = {isa = PBXFileReference; lastKnownFileType = file.sks; path = MenuScene.sks; sourceTree = "<group>"; };
		F3C4137820B6EAF0003BE00B /* CreditsScene.sks */ = {isa = PBXFileReference; lastKnownFileType = file.sks; path = CreditsScene.sks; sourceTree = "<group>"; };
		F3C4137A20B6EC05003BE00B /* CreditsScene.swift */ = {isa = PBXFileReference; lastKnownFileType = sourcecode.swift; path = CreditsScene.swift; sourceTree = "<group>"; };
		F3C4137E20B70FEB003BE00B /* highScoreScene.sks */ = {isa = PBXFileReference; lastKnownFileType = file.sks; path = highScoreScene.sks; sourceTree = "<group>"; };
		F3C4138020B716A3003BE00B /* highScoreScene.swift */ = {isa = PBXFileReference; lastKnownFileType = sourcecode.swift; path = highScoreScene.swift; sourceTree = "<group>"; };
		F3C4138220B71B96003BE00B /* LoserScene.swift */ = {isa = PBXFileReference; lastKnownFileType = sourcecode.swift; path = LoserScene.swift; sourceTree = "<group>"; };
		F3C4138620B71BF4003BE00B /* LoserScene.sks */ = {isa = PBXFileReference; lastKnownFileType = file.sks; path = LoserScene.sks; sourceTree = "<group>"; };
		F3C4138920B84D59003BE00B /* PartyAnimation.sks */ = {isa = PBXFileReference; lastKnownFileType = file.sks; path = PartyAnimation.sks; sourceTree = "<group>"; };
		F3C4138A20B84D59003BE00B /* Assets.xcassets */ = {isa = PBXFileReference; lastKnownFileType = folder.assetcatalog; path = Assets.xcassets; sourceTree = "<group>"; };
		F3C4138D20B8571A003BE00B /* magic.sks */ = {isa = PBXFileReference; lastKnownFileType = file.sks; path = magic.sks; sourceTree = "<group>"; };
/* End PBXFileReference section */

/* Begin PBXFrameworksBuildPhase section */
		D368513A1DEE87A900F407C5 /* Frameworks */ = {
			isa = PBXFrameworksBuildPhase;
			buildActionMask = 2147483647;
			files = (
			);
			runOnlyForDeploymentPostprocessing = 0;
		};
/* End PBXFrameworksBuildPhase section */

/* Begin PBXGroup section */
		D36851341DEE87A900F407C5 = {
			isa = PBXGroup;
			children = (
				D368513F1DEE87A900F407C5 /* Shapes */,
				D368513E1DEE87A900F407C5 /* Products */,
			);
			indentWidth = 2;
			sourceTree = "<group>";
			tabWidth = 2;
			usesTabs = 0;
		};
		D368513E1DEE87A900F407C5 /* Products */ = {
			isa = PBXGroup;
			children = (
				D368513D1DEE87A900F407C5 /* Shape Up.app */,
			);
			name = Products;
			sourceTree = "<group>";
		};
		D368513F1DEE87A900F407C5 /* Shapes */ = {
			isa = PBXGroup;
			children = (
				F323AC7B20BEC4120057E85F /* sounds */,
				F3C4138820B84D17003BE00B /* animation */,
				F3C4137820B6EAF0003BE00B /* CreditsScene.sks */,
				F34C6CC120BD56CC0089644C /* SettingsScene.sks */,
				F3C4137620B5DE95003BE00B /* MenuScene.sks */,
				F3C4137E20B70FEB003BE00B /* highScoreScene.sks */,
				F3C4138620B71BF4003BE00B /* LoserScene.sks */,
				D36851401DEE87A900F407C5 /* AppDelegate.swift */,
				D36851461DEE87A900F407C5 /* GameScene.swift */,
				F3C4137420B5D7C7003BE00B /* MenuScene.swift */,
				F3C4138020B716A3003BE00B /* highScoreScene.swift */,
				F3C4138220B71B96003BE00B /* LoserScene.swift */,
				F3C4137A20B6EC05003BE00B /* CreditsScene.swift */,
				F3C4136920B55C31003BE00B /* Obstacles.swift */,
				D36851481DEE87A900F407C5 /* GameViewController.swift */,
				F323AC7920BDD31F0057E85F /* SettingsScene.swift */,
				D368514A1DEE87A900F407C5 /* Main.storyboard */,
				D368514D1DEE87A900F407C5 /* Assets.xcassets */,
				D368514F1DEE87A900F407C5 /* LaunchScreen.storyboard */,
				D36851521DEE87A900F407C5 /* Info.plist */,
			);
			path = Shapes;
			sourceTree = "<group>";
		};
		F323AC7B20BEC4120057E85F /* sounds */ = {
			isa = PBXGroup;
			children = (
				F323AC9120BEDA1E0057E85F /* point4.wav */,
				F323AC8D20BED7D20057E85F /* gameover2.wav */,
				F323AC9320BFE2A80057E85F /* click.wav */,
				F323AC8B20BED3C20057E85F /* point3.wav */,
				F323AC8520BEC5010057E85F /* point.mp3 */,
				F323AC8920BEC50E0057E85F /* point2.mp3 */,
				F323AC8320BEC4FB0057E85F /* fall.wav */,
				F323AC8120BEC4F30057E85F /* gameover.wav */,
				F323AC7F20BEC4C70057E85F /* highscore.mp3 */,
				F323AC7E20BEC4870057E85F /* fail-accoustic-guitar.wav */,
			);
			path = sounds;
			sourceTree = "<group>";
		};
		F3C4138820B84D17003BE00B /* animation */ = {
			isa = PBXGroup;
			children = (
				F3C4138920B84D59003BE00B /* PartyAnimation.sks */,
				F3C4138A20B84D59003BE00B /* Assets.xcassets */,
				F3C4138D20B8571A003BE00B /* magic.sks */,
			);
			path = animation;
			sourceTree = "<group>";
		};
/* End PBXGroup section */

/* Begin PBXNativeTarget section */
		D368513C1DEE87A900F407C5 /* Shape Up */ = {
			isa = PBXNativeTarget;
			buildConfigurationList = D36851551DEE87A900F407C5 /* Build configuration list for PBXNativeTarget "Shape Up" */;
			buildPhases = (
				D36851391DEE87A900F407C5 /* Sources */,
				D368513A1DEE87A900F407C5 /* Frameworks */,
				D368513B1DEE87A900F407C5 /* Resources */,
			);
			buildRules = (
			);
			dependencies = (
			);
			name = "Shape Up";
			productName = Shapes;
			productReference = D368513D1DEE87A900F407C5 /* Shape Up.app */;
			productType = "com.apple.product-type.application";
		};
/* End PBXNativeTarget section */

/* Begin PBXProject section */
		D36851351DEE87A900F407C5 /* Project object */ = {
			isa = PBXProject;
			attributes = {
				LastSwiftUpdateCheck = 0810;
				LastUpgradeCheck = 0930;
				ORGANIZATIONNAME = "Shani Herskowitz";
				TargetAttributes = {
					D368513C1DEE87A900F407C5 = {
						CreatedOnToolsVersion = 8.1;
						DevelopmentTeam = BSA343KTP8;
						LastSwiftMigration = 0930;
						ProvisioningStyle = Automatic;
					};
				};
			};
			buildConfigurationList = D36851381DEE87A900F407C5 /* Build configuration list for PBXProject "Shape Up" */;
			compatibilityVersion = "Xcode 3.2";
			developmentRegion = English;
			hasScannedForEncodings = 0;
			knownRegions = (
				en,
				Base,
			);
			mainGroup = D36851341DEE87A900F407C5;
			productRefGroup = D368513E1DEE87A900F407C5 /* Products */;
			projectDirPath = "";
			projectRoot = "";
			targets = (
				D368513C1DEE87A900F407C5 /* Shape Up */,
			);
		};
/* End PBXProject section */

/* Begin PBXResourcesBuildPhase section */
		D368513B1DEE87A900F407C5 /* Resources */ = {
			isa = PBXResourcesBuildPhase;
			buildActionMask = 2147483647;
			files = (
				F323AC8420BEC4FB0057E85F /* fall.wav in Resources */,
				F323AC8C20BED3C30057E85F /* point3.wav in Resources */,
				F323AC8A20BEC50E0057E85F /* point2.mp3 in Resources */,
				F3C4137F20B70FEB003BE00B /* highScoreScene.sks in Resources */,
				F3C4138B20B84D59003BE00B /* PartyAnimation.sks in Resources */,
				F323AC8620BEC5020057E85F /* point.mp3 in Resources */,
				F3C4137720B5DE95003BE00B /* MenuScene.sks in Resources */,
				F323AC8220BEC4F30057E85F /* gameover.wav in Resources */,
				F323AC8E20BED7D30057E85F /* gameover2.wav in Resources */,
				D368514C1DEE87A900F407C5 /* Main.storyboard in Resources */,
				D368514E1DEE87A900F407C5 /* Assets.xcassets in Resources */,
				F323AC9220BEDA1E0057E85F /* point4.wav in Resources */,
				F3C4138E20B8571A003BE00B /* magic.sks in Resources */,
				D36851511DEE87A900F407C5 /* LaunchScreen.storyboard in Resources */,
				F3C4138720B71BF4003BE00B /* LoserScene.sks in Resources */,
				F3C4138C20B84D59003BE00B /* Assets.xcassets in Resources */,
				F323AC9420BFE2A90057E85F /* click.wav in Resources */,
				F323AC8020BEC4C70057E85F /* highscore.mp3 in Resources */,
				F34C6CC220BD56CC0089644C /* SettingsScene.sks in Resources */,
				F3C4137920B6EAF0003BE00B /* CreditsScene.sks in Resources */,
			);
			runOnlyForDeploymentPostprocessing = 0;
		};
/* End PBXResourcesBuildPhase section */

/* Begin PBXSourcesBuildPhase section */
		D36851391DEE87A900F407C5 /* Sources */ = {
			isa = PBXSourcesBuildPhase;
			buildActionMask = 2147483647;
			files = (
				D36851471DEE87A900F407C5 /* GameScene.swift in Sources */,
				D36851491DEE87A900F407C5 /* GameViewController.swift in Sources */,
				F3C4136A20B55C31003BE00B /* Obstacles.swift in Sources */,
				F323AC7A20BDD31F0057E85F /* SettingsScene.swift in Sources */,
				D36851411DEE87A900F407C5 /* AppDelegate.swift in Sources */,
				F3C4138120B716A3003BE00B /* highScoreScene.swift in Sources */,
				F3C4137520B5D7C7003BE00B /* MenuScene.swift in Sources */,
				F3C4138320B71B96003BE00B /* LoserScene.swift in Sources */,
				F3C4137B20B6EC05003BE00B /* CreditsScene.swift in Sources */,
			);
			runOnlyForDeploymentPostprocessing = 0;
		};
/* End PBXSourcesBuildPhase section */

/* Begin PBXVariantGroup section */
		D368514A1DEE87A900F407C5 /* Main.storyboard */ = {
			isa = PBXVariantGroup;
			children = (
				D368514B1DEE87A900F407C5 /* Base */,
			);
			name = Main.storyboard;
			sourceTree = "<group>";
		};
		D368514F1DEE87A900F407C5 /* LaunchScreen.storyboard */ = {
			isa = PBXVariantGroup;
			children = (
				D36851501DEE87A900F407C5 /* Base */,
			);
			name = LaunchScreen.storyboard;
			sourceTree = "<group>";
		};
/* End PBXVariantGroup section */

/* Begin XCBuildConfiguration section */
		D36851531DEE87A900F407C5 /* Debug */ = {
			isa = XCBuildConfiguration;
			buildSettings = {
				ALWAYS_SEARCH_USER_PATHS = NO;
				CLANG_ANALYZER_NONNULL = YES;
				CLANG_CXX_LANGUAGE_STANDARD = "gnu++0x";
				CLANG_CXX_LIBRARY = "libc++";
				CLANG_ENABLE_MODULES = YES;
				CLANG_ENABLE_OBJC_ARC = YES;
				CLANG_WARN_BLOCK_CAPTURE_AUTORELEASING = YES;
				CLANG_WARN_BOOL_CONVERSION = YES;
				CLANG_WARN_COMMA = YES;
				CLANG_WARN_CONSTANT_CONVERSION = YES;
				CLANG_WARN_DEPRECATED_OBJC_IMPLEMENTATIONS = YES;
				CLANG_WARN_DIRECT_OBJC_ISA_USAGE = YES_ERROR;
				CLANG_WARN_DOCUMENTATION_COMMENTS = YES;
				CLANG_WARN_EMPTY_BODY = YES;
				CLANG_WARN_ENUM_CONVERSION = YES;
				CLANG_WARN_INFINITE_RECURSION = YES;
				CLANG_WARN_INT_CONVERSION = YES;
				CLANG_WARN_NON_LITERAL_NULL_CONVERSION = YES;
				CLANG_WARN_OBJC_IMPLICIT_RETAIN_SELF = YES;
				CLANG_WARN_OBJC_LITERAL_CONVERSION = YES;
				CLANG_WARN_OBJC_ROOT_CLASS = YES_ERROR;
				CLANG_WARN_RANGE_LOOP_ANALYSIS = YES;
				CLANG_WARN_STRICT_PROTOTYPES = YES;
				CLANG_WARN_SUSPICIOUS_MOVE = YES;
				CLANG_WARN_SUSPICIOUS_MOVES = YES;
				CLANG_WARN_UNREACHABLE_CODE = YES;
				CLANG_WARN__DUPLICATE_METHOD_MATCH = YES;
				"CODE_SIGN_IDENTITY[sdk=iphoneos*]" = "iPhone Developer";
				COPY_PHASE_STRIP = NO;
				DEBUG_INFORMATION_FORMAT = dwarf;
				ENABLE_STRICT_OBJC_MSGSEND = YES;
				ENABLE_TESTABILITY = YES;
				GCC_C_LANGUAGE_STANDARD = gnu99;
				GCC_DYNAMIC_NO_PIC = NO;
				GCC_NO_COMMON_BLOCKS = YES;
				GCC_OPTIMIZATION_LEVEL = 0;
				GCC_PREPROCESSOR_DEFINITIONS = (
					"DEBUG=1",
					"$(inherited)",
				);
				GCC_WARN_64_TO_32_BIT_CONVERSION = YES;
				GCC_WARN_ABOUT_RETURN_TYPE = YES_ERROR;
				GCC_WARN_UNDECLARED_SELECTOR = YES;
				GCC_WARN_UNINITIALIZED_AUTOS = YES_AGGRESSIVE;
				GCC_WARN_UNUSED_FUNCTION = YES;
				GCC_WARN_UNUSED_VARIABLE = YES;
				IPHONEOS_DEPLOYMENT_TARGET = 10.1;
				MTL_ENABLE_DEBUG_INFO = YES;
				ONLY_ACTIVE_ARCH = YES;
				SDKROOT = iphoneos;
				SWIFT_ACTIVE_COMPILATION_CONDITIONS = DEBUG;
				SWIFT_OPTIMIZATION_LEVEL = "-Onone";
				TARGETED_DEVICE_FAMILY = "1,2";
			};
			name = Debug;
		};
		D36851541DEE87A900F407C5 /* Release */ = {
			isa = XCBuildConfiguration;
			buildSettings = {
				ALWAYS_SEARCH_USER_PATHS = NO;
				CLANG_ANALYZER_NONNULL = YES;
				CLANG_CXX_LANGUAGE_STANDARD = "gnu++0x";
				CLANG_CXX_LIBRARY = "libc++";
				CLANG_ENABLE_MODULES = YES;
				CLANG_ENABLE_OBJC_ARC = YES;
				CLANG_WARN_BLOCK_CAPTURE_AUTORELEASING = YES;
				CLANG_WARN_BOOL_CONVERSION = YES;
				CLANG_WARN_COMMA = YES;
				CLANG_WARN_CONSTANT_CONVERSION = YES;
				CLANG_WARN_DEPRECATED_OBJC_IMPLEMENTATIONS = YES;
				CLANG_WARN_DIRECT_OBJC_ISA_USAGE = YES_ERROR;
				CLANG_WARN_DOCUMENTATION_COMMENTS = YES;
				CLANG_WARN_EMPTY_BODY = YES;
				CLANG_WARN_ENUM_CONVERSION = YES;
				CLANG_WARN_INFINITE_RECURSION = YES;
				CLANG_WARN_INT_CONVERSION = YES;
				CLANG_WARN_NON_LITERAL_NULL_CONVERSION = YES;
				CLANG_WARN_OBJC_IMPLICIT_RETAIN_SELF = YES;
				CLANG_WARN_OBJC_LITERAL_CONVERSION = YES;
				CLANG_WARN_OBJC_ROOT_CLASS = YES_ERROR;
				CLANG_WARN_RANGE_LOOP_ANALYSIS = YES;
				CLANG_WARN_STRICT_PROTOTYPES = YES;
				CLANG_WARN_SUSPICIOUS_MOVE = YES;
				CLANG_WARN_SUSPICIOUS_MOVES = YES;
				CLANG_WARN_UNREACHABLE_CODE = YES;
				CLANG_WARN__DUPLICATE_METHOD_MATCH = YES;
				"CODE_SIGN_IDENTITY[sdk=iphoneos*]" = "iPhone Developer";
				COPY_PHASE_STRIP = NO;
				DEBUG_INFORMATION_FORMAT = "dwarf-with-dsym";
				ENABLE_NS_ASSERTIONS = NO;
				ENABLE_STRICT_OBJC_MSGSEND = YES;
				GCC_C_LANGUAGE_STANDARD = gnu99;
				GCC_NO_COMMON_BLOCKS = YES;
				GCC_WARN_64_TO_32_BIT_CONVERSION = YES;
				GCC_WARN_ABOUT_RETURN_TYPE = YES_ERROR;
				GCC_WARN_UNDECLARED_SELECTOR = YES;
				GCC_WARN_UNINITIALIZED_AUTOS = YES_AGGRESSIVE;
				GCC_WARN_UNUSED_FUNCTION = YES;
				GCC_WARN_UNUSED_VARIABLE = YES;
				IPHONEOS_DEPLOYMENT_TARGET = 10.1;
				MTL_ENABLE_DEBUG_INFO = NO;
				SDKROOT = iphoneos;
				SWIFT_OPTIMIZATION_LEVEL = "-Owholemodule";
				TARGETED_DEVICE_FAMILY = "1,2";
				VALIDATE_PRODUCT = YES;
			};
			name = Release;
		};
		D36851561DEE87A900F407C5 /* Debug */ = {
			isa = XCBuildConfiguration;
			buildSettings = {
				ASSETCATALOG_COMPILER_APPICON_NAME = AppIcon;
				DEVELOPMENT_TEAM = BSA343KTP8;
				INFOPLIST_FILE = Shapes/Info.plist;
				LD_RUNPATH_SEARCH_PATHS = "$(inherited) @executable_path/Frameworks";
				PRODUCT_BUNDLE_IDENTIFIER = SH.Shapes;
				PRODUCT_NAME = "$(TARGET_NAME)";
				SWIFT_SWIFT3_OBJC_INFERENCE = On;
				SWIFT_VERSION = 4.0;
			};
			name = Debug;
		};
		D36851571DEE87A900F407C5 /* Release */ = {
			isa = XCBuildConfiguration;
			buildSettings = {
				ASSETCATALOG_COMPILER_APPICON_NAME = AppIcon;
				DEVELOPMENT_TEAM = BSA343KTP8;
				INFOPLIST_FILE = Shapes/Info.plist;
				LD_RUNPATH_SEARCH_PATHS = "$(inherited) @executable_path/Frameworks";
				PRODUCT_BUNDLE_IDENTIFIER = SH.Shapes;
				PRODUCT_NAME = "$(TARGET_NAME)";
				SWIFT_SWIFT3_OBJC_INFERENCE = On;
				SWIFT_VERSION = 4.0;
			};
			name = Release;
		};
/* End XCBuildConfiguration section */

/* Begin XCConfigurationList section */
		D36851381DEE87A900F407C5 /* Build configuration list for PBXProject "Shape Up" */ = {
			isa = XCConfigurationList;
			buildConfigurations = (
				D36851531DEE87A900F407C5 /* Debug */,
				D36851541DEE87A900F407C5 /* Release */,
			);
			defaultConfigurationIsVisible = 0;
			defaultConfigurationName = Release;
		};
		D36851551DEE87A900F407C5 /* Build configuration list for PBXNativeTarget "Shape Up" */ = {
			isa = XCConfigurationList;
			buildConfigurations = (
				D36851561DEE87A900F407C5 /* Debug */,
				D36851571DEE87A900F407C5 /* Release */,
			);
			defaultConfigurationIsVisible = 0;
			defaultConfigurationName = Release;
		};
/* End XCConfigurationList section */
	};
	rootObject = D36851351DEE87A900F407C5 /* Project object */;
}
